
Microsoft Visual Studio Solution File, Format Version 12.00
# Visual Studio 15
VisualStudioVersion = 15.0.26403.7
MinimumVisualStudioVersion = 10.0.40219.1
Project("{FAE04EC0-301F-11D3-BF4B-00C04F79EFBC}") = "SendEmail", "SendEmail\SendEmail.csproj", "{D4204AD3-2146-48F7-BB3C-2CA17E2E11E3}"
EndProject
Project("{FAE04EC0-301F-11D3-BF4B-00C04F79EFBC}") = "SendEmailWithAttachments", "SendEmailWithAttachments\SendEmailWithAttachments.csproj", "{6AD00AC5-1023-493C-80A7-D8E155AAA88A}"
EndProject
Global
	GlobalSection(SolutionConfigurationPlatforms) = preSolution
		Debug|Any CPU = Debug|Any CPU
		Release|Any CPU = Release|Any CPU
	EndGlobalSection
	GlobalSection(ProjectConfigurationPlatforms) = postSolution
		{D4204AD3-2146-48F7-BB3C-2CA17E2E11E3}.Debug|Any CPU.ActiveCfg = Debug|Any CPU
		{D4204AD3-2146-48F7-BB3C-2CA17E2E11E3}.Debug|Any CPU.Build.0 = Debug|Any CPU
		{D4204AD3-2146-48F7-BB3C-2CA17E2E11E3}.Release|Any CPU.ActiveCfg = Release|Any CPU
		{D4204AD3-2146-48F7-BB3C-2CA17E2E11E3}.Release|Any CPU.Build.0 = Release|Any CPU
		{6AD00AC5-1023-493C-80A7-D8E155AAA88A}.Debug|Any CPU.ActiveCfg = Debug|Any CPU
		{6AD00AC5-1023-493C-80A7-D8E155AAA88A}.Debug|Any CPU.Build.0 = Debug|Any CPU
		{6AD00AC5-1023-493C-80A7-D8E155AAA88A}.Release|Any CPU.ActiveCfg = Release|Any CPU
		{6AD00AC5-1023-493C-80A7-D8E155AAA88A}.Release|Any CPU.Build.0 = Release|Any CPU
	EndGlobalSection
	GlobalSection(SolutionProperties) = preSolution
		HideSolutionNode = FALSE
	EndGlobalSection
EndGlobal
